
Microsoft Visual Studio Solution File, Format Version 12.00
# Visual Studio Version 17
VisualStudioVersion = 17.0.31717.71
MinimumVisualStudioVersion = 10.0.40219.1
Project("{9A19103F-16F7-4668-BE54-9A1E7A4F7556}") = "SqlFormatter.Tests", "SqlFormatter.Tests\SqlFormatter.Tests.csproj", "{D258A43C-E6A5-43A2-9669-554C037F5E15}"
EndProject
Project("{00D1A9C2-B5F0-4AF3-8072-F6C62B433612}") = "SqlDatabase", "SqlDatabase\SqlDatabase.sqlproj", "{D5A99E11-F061-4ABC-883E-1B5456300AC9}"
EndProject
Global
	GlobalSection(SolutionConfigurationPlatforms) = preSolution
		Debug|Any CPU = Debug|Any CPU
		Release|Any CPU = Release|Any CPU
	EndGlobalSection
	GlobalSection(ProjectConfigurationPlatforms) = postSolution
		{D258A43C-E6A5-43A2-9669-554C037F5E15}.Debug|Any CPU.ActiveCfg = Debug|Any CPU
		{D258A43C-E6A5-43A2-9669-554C037F5E15}.Debug|Any CPU.Build.0 = Debug|Any CPU
		{D258A43C-E6A5-43A2-9669-554C037F5E15}.Release|Any CPU.ActiveCfg = Release|Any CPU
		{D258A43C-E6A5-43A2-9669-554C037F5E15}.Release|Any CPU.Build.0 = Release|Any CPU
		{D5A99E11-F061-4ABC-883E-1B5456300AC9}.Debug|Any CPU.ActiveCfg = Debug|Any CPU
		{D5A99E11-F061-4ABC-883E-1B5456300AC9}.Debug|Any CPU.Build.0 = Debug|Any CPU
		{D5A99E11-F061-4ABC-883E-1B5456300AC9}.Debug|Any CPU.Deploy.0 = Debug|Any CPU
		{D5A99E11-F061-4ABC-883E-1B5456300AC9}.Release|Any CPU.ActiveCfg = Release|Any CPU
		{D5A99E11-F061-4ABC-883E-1B5456300AC9}.Release|Any CPU.Build.0 = Release|Any CPU
		{D5A99E11-F061-4ABC-883E-1B5456300AC9}.Release|Any CPU.Deploy.0 = Release|Any CPU
	EndGlobalSection
	GlobalSection(SolutionProperties) = preSolution
		HideSolutionNode = FALSE
	EndGlobalSection
	GlobalSection(ExtensibilityGlobals) = postSolution
		SolutionGuid = {2BD38AA9-7427-4A07-A975-E633B83FF31D}
	EndGlobalSection
EndGlobal
